
Microsoft Visual Studio Solution File, Format Version 12.00
# Visual Studio Version 17
VisualStudioVersion = 17.8.34330.188
MinimumVisualStudioVersion = 10.0.40219.1
Project("{9A19103F-16F7-4668-BE54-9A1E7A4F7556}") = "ForceXenogermImplantation", "ForceXenogermImplantation.csproj", "{5377E2B7-8BB0-4F56-A533-5D28A5B80056}"
EndProject
Global
	GlobalSection(SolutionConfigurationPlatforms) = preSolution
		Debug|Any CPU = Debug|Any CPU
		Release|Any CPU = Release|Any CPU
	EndGlobalSection
	GlobalSection(ProjectConfigurationPlatforms) = postSolution
		{5377E2B7-8BB0-4F56-A533-5D28A5B80056}.Debug|Any CPU.ActiveCfg = Debug|Any CPU
		{5377E2B7-8BB0-4F56-A533-5D28A5B80056}.Debug|Any CPU.Build.0 = Debug|Any CPU
		{5377E2B7-8BB0-4F56-A533-5D28A5B80056}.Release|Any CPU.ActiveCfg = Release|Any CPU
		{5377E2B7-8BB0-4F56-A533-5D28A5B80056}.Release|Any CPU.Build.0 = Release|Any CPU
	EndGlobalSection
	GlobalSection(SolutionProperties) = preSolution
		HideSolutionNode = FALSE
	EndGlobalSection
	GlobalSection(ExtensibilityGlobals) = postSolution
		SolutionGuid = {673DDE43-CF70-4C4F-9174-1D774D6425A1}
	EndGlobalSection
EndGlobal
